{
  "nodes": {
    "nixpkgs": {
      "locked": {
        "lastModified": 1612996220,
        "narHash": "sha256-l2kzWXxL3vXr8VxUzRtORPJS0nFQ3E5kBPF/AYAK0wI=",
        "owner": "nixos",
        "repo": "nixpkgs",
        "rev": "758b29b5a28b818e311ad540637a5c1e40867489",
        "type": "github"
      },
      "original": {
        "owner": "nixos",
        "ref": "nixos-unstable",
        "repo": "nixpkgs",
        "type": "github"
      }
    },
    "root": {
      "inputs": {
        "nixpkgs": "nixpkgs"
      }
    }
  },
  "root": "root",
  "version": 7
}
